filippo.io/edwards25519 v1.1.0 h1:FNf4tywRC1HmFuKW5xopWpigGjJKiJSV0Cqo0cJWDaA=
filippo.io/edwards25519 v1.1.0/go.mod h1:BxyFTGdWcka3PhytdK4V28tE5sGfRvvvRV7EaN4VDT4=
github.com/dongrv/trace v0.0.1 h1:3XaE3pyPQ4UWDDfuypFUMpD9D07erV9MRbSJ4Z8fSjQ=
github.com/dongrv/trace v0.0.1/go.mod h1:yJyL0Pruk946lYCbJI4WAbm+ShftF0Gwu2zie3eZ35U=
github.com/go-sql-driver/mysql v1.8.1 h1:LedoTUt/eveggdHS9qUFC1EFSa8bU2+1pZjSRpvNJ1Y=
github.com/go-sql-driver/mysql v1.8.1/go.mod h1:wEBSXgmK//2ZFJyE+qWnIsVGmvmEKlqwuVSjsCm7DZg=
